// !$*UTF8*$!
{
	archiveVersion = 1;
	classes = {
	};
	objectVersion = 46;
	objects = {

/* Begin PBXBuildFile section */
		1E2581271D801A32007EB33C /* GofMediator+GofAModule.m in Sources */ = {isa = PBXBuildFile; fileRef = 1E2581201D801A32007EB33C /* GofMediator+GofAModule.m */; };
		1E2581281D801A32007EB33C /* GofMediator+GofBModule.m in Sources */ = {isa = PBXBuildFile; fileRef = 1E2581221D801A32007EB33C /* GofMediator+GofBModule.m */; };
		1E2581291D801A32007EB33C /* GofMediator+GofCModule.m in Sources */ = {isa = PBXBuildFile; fileRef = 1E2581241D801A32007EB33C /* GofMediator+GofCModule.m */; };
		1E25812A1D801A32007EB33C /* GofMediator.m in Sources */ = {isa = PBXBuildFile; fileRef = 1E2581261D801A32007EB33C /* GofMediator.m */; };
		1E45520C1D7E9B1700DB9744 /* main.m in Sources */ = {isa = PBXBuildFile; fileRef = 1E45520B1D7E9B1700DB9744 /* main.m */; };
		1E4552251D7E9B1700DB9744 /* GofMediatorTests.m in Sources */ = {isa = PBXBuildFile; fileRef = 1E4552241D7E9B1700DB9744 /* GofMediatorTests.m */; };
		1E4552371D7E9D0B00DB9744 /* AppDelegate.m in Sources */ = {isa = PBXBuildFile; fileRef = 1E4552311D7E9D0B00DB9744 /* AppDelegate.m */; };
		1E4552381D7E9D0B00DB9744 /* Assets.xcassets in Resources */ = {isa = PBXBuildFile; fileRef = 1E4552351D7E9D0B00DB9744 /* Assets.xcassets */; };
		1E45523E1D7E9E0E00DB9744 /* GofAViewController.m in Sources */ = {isa = PBXBuildFile; fileRef = 1E45523D1D7E9E0E00DB9744 /* GofAViewController.m */; };
		1E4552481D7E9FC400DB9744 /* Default-568h@2x.png in Resources */ = {isa = PBXBuildFile; fileRef = 1E4552471D7E9FC400DB9744 /* Default-568h@2x.png */; };
		1E45524E1D7EA12900DB9744 /* GofTargetAModule.m in Sources */ = {isa = PBXBuildFile; fileRef = 1E45524D1D7EA12900DB9744 /* GofTargetAModule.m */; };
		1E4552631D7EADE100DB9744 /* GofViewCreateFactory.m in Sources */ = {isa = PBXBuildFile; fileRef = 1E4552621D7EADE100DB9744 /* GofViewCreateFactory.m */; };
		1E4552681D7EB6A000DB9744 /* GofDefaultViewController.m in Sources */ = {isa = PBXBuildFile; fileRef = 1E4552671D7EB6A000DB9744 /* GofDefaultViewController.m */; };
		1EF32B4D1D89647100426FA2 /* GofBViewController.m in Sources */ = {isa = PBXBuildFile; fileRef = 1EF32B451D89647100426FA2 /* GofBViewController.m */; };
		1EF32B4E1D89647100426FA2 /* GofTargetBModule.m in Sources */ = {isa = PBXBuildFile; fileRef = 1EF32B471D89647100426FA2 /* GofTargetBModule.m */; };
		1EF32B4F1D89647100426FA2 /* GofCViewController.m in Sources */ = {isa = PBXBuildFile; fileRef = 1EF32B4A1D89647100426FA2 /* GofCViewController.m */; };
		1EF32B501D89647100426FA2 /* GofTargetCModule.m in Sources */ = {isa = PBXBuildFile; fileRef = 1EF32B4C1D89647100426FA2 /* GofTargetCModule.m */; };
/* End PBXBuildFile section */

/* Begin PBXContainerItemProxy section */
		1E4552211D7E9B1700DB9744 /* PBXContainerItemProxy */ = {
			isa = PBXContainerItemProxy;
			containerPortal = 1E4551FF1D7E9B1700DB9744 /* Project object */;
			proxyType = 1;
			remoteGlobalIDString = 1E4552061D7E9B1700DB9744;
			remoteInfo = GofMediator;
		};
/* End PBXContainerItemProxy section */

/* Begin PBXFileReference section */
		1E25811F1D801A32007EB33C /* GofMediator+GofAModule.h */ = {isa = PBXFileReference; fileEncoding = 4; lastKnownFileType = sourcecode.c.h; path = "GofMediator+GofAModule.h"; sourceTree = "<group>"; };
		1E2581201D801A32007EB33C /* GofMediator+GofAModule.m */ = {isa = PBXFileReference; fileEncoding = 4; lastKnownFileType = sourcecode.c.objc; path = "GofMediator+GofAModule.m"; sourceTree = "<group>"; };
		1E2581211D801A32007EB33C /* GofMediator+GofBModule.h */ = {isa = PBXFileReference; fileEncoding = 4; lastKnownFileType = sourcecode.c.h; path = "GofMediator+GofBModule.h"; sourceTree = "<group>"; };
		1E2581221D801A32007EB33C /* GofMediator+GofBModule.m */ = {isa = PBXFileReference; fileEncoding = 4; lastKnownFileType = sourcecode.c.objc; path = "GofMediator+GofBModule.m"; sourceTree = "<group>"; };
		1E2581231D801A32007EB33C /* GofMediator+GofCModule.h */ = {isa = PBXFileReference; fileEncoding = 4; lastKnownFileType = sourcecode.c.h; path = "GofMediator+GofCModule.h"; sourceTree = "<group>"; };
		1E2581241D801A32007EB33C /* GofMediator+GofCModule.m */ = {isa = PBXFileReference; fileEncoding = 4; lastKnownFileType = sourcecode.c.objc; path = "GofMediator+GofCModule.m"; sourceTree = "<group>"; };
		1E2581251D801A32007EB33C /* GofMediator.h */ = {isa = PBXFileReference; fileEncoding = 4; lastKnownFileType = sourcecode.c.h; path = GofMediator.h; sourceTree = "<group>"; };
		1E2581261D801A32007EB33C /* GofMediator.m */ = {isa = PBXFileReference; fileEncoding = 4; lastKnownFileType = sourcecode.c.objc; path = GofMediator.m; sourceTree = "<group>"; };
		1E4552071D7E9B1700DB9744 /* GofMediator.app */ = {isa = PBXFileReference; explicitFileType = wrapper.application; includeInIndex = 0; path = GofMediator.app; sourceTree = BUILT_PRODUCTS_DIR; };
		1E45520B1D7E9B1700DB9744 /* main.m */ = {isa = PBXFileReference; lastKnownFileType = sourcecode.c.objc; path = main.m; sourceTree = "<group>"; };
		1E45521B1D7E9B1700DB9744 /* Info.plist */ = {isa = PBXFileReference; lastKnownFileType = text.plist.xml; path = Info.plist; sourceTree = "<group>"; };
		1E4552201D7E9B1700DB9744 /* GofMediatorTests.xctest */ = {isa = PBXFileReference; explicitFileType = wrapper.cfbundle; includeInIndex = 0; path = GofMediatorTests.xctest; sourceTree = BUILT_PRODUCTS_DIR; };
		1E4552241D7E9B1700DB9744 /* GofMediatorTests.m */ = {isa = PBXFileReference; lastKnownFileType = sourcecode.c.objc; path = GofMediatorTests.m; sourceTree = "<group>"; };
		1E4552261D7E9B1700DB9744 /* Info.plist */ = {isa = PBXFileReference; lastKnownFileType = text.plist.xml; path = Info.plist; sourceTree = "<group>"; };
		1E4552301D7E9D0B00DB9744 /* AppDelegate.h */ = {isa = PBXFileReference; fileEncoding = 4; lastKnownFileType = sourcecode.c.h; path = AppDelegate.h; sourceTree = "<group>"; };
		1E4552311D7E9D0B00DB9744 /* AppDelegate.m */ = {isa = PBXFileReference; fileEncoding = 4; lastKnownFileType = sourcecode.c.objc; path = AppDelegate.m; sourceTree = "<group>"; };
		1E4552351D7E9D0B00DB9744 /* Assets.xcassets */ = {isa = PBXFileReference; lastKnownFileType = folder.assetcatalog; path = Assets.xcassets; sourceTree = "<group>"; };
		1E45523C1D7E9E0E00DB9744 /* GofAViewController.h */ = {isa = PBXFileReference; fileEncoding = 4; lastKnownFileType = sourcecode.c.h; path = GofAViewController.h; sourceTree = "<group>"; };
		1E45523D1D7E9E0E00DB9744 /* GofAViewController.m */ = {isa = PBXFileReference; fileEncoding = 4; lastKnownFileType = sourcecode.c.objc; path = GofAViewController.m; sourceTree = "<group>"; };
		1E4552471D7E9FC400DB9744 /* Default-568h@2x.png */ = {isa = PBXFileReference; lastKnownFileType = image.png; path = "Default-568h@2x.png"; sourceTree = "<group>"; };
		1E45524C1D7EA12900DB9744 /* GofTargetAModule.h */ = {isa = PBXFileReference; fileEncoding = 4; lastKnownFileType = sourcecode.c.h; path = GofTargetAModule.h; sourceTree = "<group>"; };
		1E45524D1D7EA12900DB9744 /* GofTargetAModule.m */ = {isa = PBXFileReference; fileEncoding = 4; lastKnownFileType = sourcecode.c.objc; path = GofTargetAModule.m; sourceTree = "<group>"; };
		1E4552611D7EADE100DB9744 /* GofViewCreateFactory.h */ = {isa = PBXFileReference; fileEncoding = 4; lastKnownFileType = sourcecode.c.h; path = GofViewCreateFactory.h; sourceTree = "<group>"; };
		1E4552621D7EADE100DB9744 /* GofViewCreateFactory.m */ = {isa = PBXFileReference; fileEncoding = 4; lastKnownFileType = sourcecode.c.objc; path = GofViewCreateFactory.m; sourceTree = "<group>"; };
		1E4552641D7EB0D000DB9744 /* GofConstant.h */ = {isa = PBXFileReference; lastKnownFileType = sourcecode.c.h; path = GofConstant.h; sourceTree = "<group>"; };
		1E4552661D7EB6A000DB9744 /* GofDefaultViewController.h */ = {isa = PBXFileReference; fileEncoding = 4; lastKnownFileType = sourcecode.c.h; path = GofDefaultViewController.h; sourceTree = "<group>"; };
		1E4552671D7EB6A000DB9744 /* GofDefaultViewController.m */ = {isa = PBXFileReference; fileEncoding = 4; lastKnownFileType = sourcecode.c.objc; path = GofDefaultViewController.m; sourceTree = "<group>"; };
		1EF32B441D89647100426FA2 /* GofBViewController.h */ = {isa = PBXFileReference; fileEncoding = 4; lastKnownFileType = sourcecode.c.h; path = GofBViewController.h; sourceTree = "<group>"; };
		1EF32B451D89647100426FA2 /* GofBViewController.m */ = {isa = PBXFileReference; fileEncoding = 4; lastKnownFileType = sourcecode.c.objc; path = GofBViewController.m; sourceTree = "<group>"; };
		1EF32B461D89647100426FA2 /* GofTargetBModule.h */ = {isa = PBXFileReference; fileEncoding = 4; lastKnownFileType = sourcecode.c.h; path = GofTargetBModule.h; sourceTree = "<group>"; };
		1EF32B471D89647100426FA2 /* GofTargetBModule.m */ = {isa = PBXFileReference; fileEncoding = 4; lastKnownFileType = sourcecode.c.objc; path = GofTargetBModule.m; sourceTree = "<group>"; };
		1EF32B491D89647100426FA2 /* GofCViewController.h */ = {isa = PBXFileReference; fileEncoding = 4; lastKnownFileType = sourcecode.c.h; path = GofCViewController.h; sourceTree = "<group>"; };
		1EF32B4A1D89647100426FA2 /* GofCViewController.m */ = {isa = PBXFileReference; fileEncoding = 4; lastKnownFileType = sourcecode.c.objc; path = GofCViewController.m; sourceTree = "<group>"; };
		1EF32B4B1D89647100426FA2 /* GofTargetCModule.h */ = {isa = PBXFileReference; fileEncoding = 4; lastKnownFileType = sourcecode.c.h; path = GofTargetCModule.h; sourceTree = "<group>"; };
		1EF32B4C1D89647100426FA2 /* GofTargetCModule.m */ = {isa = PBXFileReference; fileEncoding = 4; lastKnownFileType = sourcecode.c.objc; path = GofTargetCModule.m; sourceTree = "<group>"; };
/* End PBXFileReference section */

/* Begin PBXFrameworksBuildPhase section */
		1E4552041D7E9B1700DB9744 /* Frameworks */ = {
			isa = PBXFrameworksBuildPhase;
			buildActionMask = 2147483647;
			files = (
			);
			runOnlyForDeploymentPostprocessing = 0;
		};
		1E45521D1D7E9B1700DB9744 /* Frameworks */ = {
			isa = PBXFrameworksBuildPhase;
			buildActionMask = 2147483647;
			files = (
			);
			runOnlyForDeploymentPostprocessing = 0;
		};
/* End PBXFrameworksBuildPhase section */

/* Begin PBXGroup section */
		1E25811E1D801A32007EB33C /* GofMediatorModule */ = {
			isa = PBXGroup;
			children = (
				1E2581251D801A32007EB33C /* GofMediator.h */,
				1E2581261D801A32007EB33C /* GofMediator.m */,
				1E25811F1D801A32007EB33C /* GofMediator+GofAModule.h */,
				1E2581201D801A32007EB33C /* GofMediator+GofAModule.m */,
				1E2581211D801A32007EB33C /* GofMediator+GofBModule.h */,
				1E2581221D801A32007EB33C /* GofMediator+GofBModule.m */,
				1E2581231D801A32007EB33C /* GofMediator+GofCModule.h */,
				1E2581241D801A32007EB33C /* GofMediator+GofCModule.m */,
			);
			name = GofMediatorModule;
			path = GofMediator/GofMediatorModule;
			sourceTree = "<group>";
		};
		1E4551FE1D7E9B1700DB9744 = {
			isa = PBXGroup;
			children = (
				1E45522F1D7E9D0B00DB9744 /* AppDelegate */,
				1E4552321D7E9D0B00DB9744 /* GofBaseModule */,
				1E25811E1D801A32007EB33C /* GofMediatorModule */,
				1E4552361D7E9D0B00DB9744 /* ViewController */,
				1E4552341D7E9D0B00DB9744 /* Resources */,
				1E45520A1D7E9B1700DB9744 /* Supporting Files */,
				1E4552231D7E9B1700DB9744 /* GofMediatorTests */,
				1E4552081D7E9B1700DB9744 /* Products */,
			);
			sourceTree = "<group>";
		};
		1E4552081D7E9B1700DB9744 /* Products */ = {
			isa = PBXGroup;
			children = (
				1E4552071D7E9B1700DB9744 /* GofMediator.app */,
				1E4552201D7E9B1700DB9744 /* GofMediatorTests.xctest */,
			);
			name = Products;
			sourceTree = "<group>";
		};
		1E45520A1D7E9B1700DB9744 /* Supporting Files */ = {
			isa = PBXGroup;
			children = (
				1E45521B1D7E9B1700DB9744 /* Info.plist */,
				1E45520B1D7E9B1700DB9744 /* main.m */,
			);
			name = "Supporting Files";
			path = GofMediator;
			sourceTree = "<group>";
		};
		1E4552231D7E9B1700DB9744 /* GofMediatorTests */ = {
			isa = PBXGroup;
			children = (
				1E4552241D7E9B1700DB9744 /* GofMediatorTests.m */,
				1E4552261D7E9B1700DB9744 /* Info.plist */,
			);
			path = GofMediatorTests;
			sourceTree = "<group>";
		};
		1E45522F1D7E9D0B00DB9744 /* AppDelegate */ = {
			isa = PBXGroup;
			children = (
				1E4552301D7E9D0B00DB9744 /* AppDelegate.h */,
				1E4552311D7E9D0B00DB9744 /* AppDelegate.m */,
			);
			name = AppDelegate;
			path = GofMediator/AppDelegate;
			sourceTree = "<group>";
		};
		1E4552321D7E9D0B00DB9744 /* GofBaseModule */ = {
			isa = PBXGroup;
			children = (
				1E4552611D7EADE100DB9744 /* GofViewCreateFactory.h */,
				1E4552621D7EADE100DB9744 /* GofViewCreateFactory.m */,
				1E4552641D7EB0D000DB9744 /* GofConstant.h */,
			);
			name = GofBaseModule;
			path = GofMediator/GofBaseModule;
			sourceTree = "<group>";
		};
		1E4552341D7E9D0B00DB9744 /* Resources */ = {
			isa = PBXGroup;
			children = (
				1E4552471D7E9FC400DB9744 /* Default-568h@2x.png */,
				1E4552351D7E9D0B00DB9744 /* Assets.xcassets */,
			);
			name = Resources;
			path = GofMediator/Resources;
			sourceTree = "<group>";
		};
		1E4552361D7E9D0B00DB9744 /* ViewController */ = {
			isa = PBXGroup;
			children = (
				1EF32B431D89647100426FA2 /* BViewController */,
				1EF32B481D89647100426FA2 /* CViewController */,
				1E4552391D7E9D7900DB9744 /* AViewController */,
				1E4552651D7EB68000DB9744 /* DefaultViewController */,
			);
			name = ViewController;
			path = GofMediator/ViewController;
			sourceTree = "<group>";
		};
		1E4552391D7E9D7900DB9744 /* AViewController */ = {
			isa = PBXGroup;
			children = (
				1E45523C1D7E9E0E00DB9744 /* GofAViewController.h */,
				1E45523D1D7E9E0E00DB9744 /* GofAViewController.m */,
				1E45524C1D7EA12900DB9744 /* GofTargetAModule.h */,
				1E45524D1D7EA12900DB9744 /* GofTargetAModule.m */,
			);
			path = AViewController;
			sourceTree = "<group>";
		};
		1E4552651D7EB68000DB9744 /* DefaultViewController */ = {
			isa = PBXGroup;
			children = (
				1E4552661D7EB6A000DB9744 /* GofDefaultViewController.h */,
				1E4552671D7EB6A000DB9744 /* GofDefaultViewController.m */,
			);
			path = DefaultViewController;
			sourceTree = "<group>";
		};
		1EF32B431D89647100426FA2 /* BViewController */ = {
			isa = PBXGroup;
			children = (
				1EF32B441D89647100426FA2 /* GofBViewController.h */,
				1EF32B451D89647100426FA2 /* GofBViewController.m */,
				1EF32B461D89647100426FA2 /* GofTargetBModule.h */,
				1EF32B471D89647100426FA2 /* GofTargetBModule.m */,
			);
			path = BViewController;
			sourceTree = "<group>";
		};
		1EF32B481D89647100426FA2 /* CViewController */ = {
			isa = PBXGroup;
			children = (
				1EF32B491D89647100426FA2 /* GofCViewController.h */,
				1EF32B4A1D89647100426FA2 /* GofCViewController.m */,
				1EF32B4B1D89647100426FA2 /* GofTargetCModule.h */,
				1EF32B4C1D89647100426FA2 /* GofTargetCModule.m */,
			);
			path = CViewController;
			sourceTree = "<group>";
		};
/* End PBXGroup section */

/* Begin PBXNativeTarget section */
		1E4552061D7E9B1700DB9744 /* GofMediator */ = {
			isa = PBXNativeTarget;
			buildConfigurationList = 1E4552291D7E9B1700DB9744 /* Build configuration list for PBXNativeTarget "GofMediator" */;
			buildPhases = (
				1E4552031D7E9B1700DB9744 /* Sources */,
				1E4552041D7E9B1700DB9744 /* Frameworks */,
				1E4552051D7E9B1700DB9744 /* Resources */,
			);
			buildRules = (
			);
			dependencies = (
			);
			name = GofMediator;
			productName = GofMediator;
			productReference = 1E4552071D7E9B1700DB9744 /* GofMediator.app */;
			productType = "com.apple.product-type.application";
		};
		1E45521F1D7E9B1700DB9744 /* GofMediatorTests */ = {
			isa = PBXNativeTarget;
			buildConfigurationList = 1E45522C1D7E9B1700DB9744 /* Build configuration list for PBXNativeTarget "GofMediatorTests" */;
			buildPhases = (
				1E45521C1D7E9B1700DB9744 /* Sources */,
				1E45521D1D7E9B1700DB9744 /* Frameworks */,
				1E45521E1D7E9B1700DB9744 /* Resources */,
			);
			buildRules = (
			);
			dependencies = (
				1E4552221D7E9B1700DB9744 /* PBXTargetDependency */,
			);
			name = GofMediatorTests;
			productName = GofMediatorTests;
			productReference = 1E4552201D7E9B1700DB9744 /* GofMediatorTests.xctest */;
			productType = "com.apple.product-type.bundle.unit-test";
		};
/* End PBXNativeTarget section */

/* Begin PBXProject section */
		1E4551FF1D7E9B1700DB9744 /* Project object */ = {
			isa = PBXProject;
			attributes = {
				CLASSPREFIX = Gof;
				LastUpgradeCheck = 0800;
				ORGANIZATIONNAME = GofLee;
				TargetAttributes = {
					1E4552061D7E9B1700DB9744 = {
						CreatedOnToolsVersion = 7.3.1;
					};
					1E45521F1D7E9B1700DB9744 = {
						CreatedOnToolsVersion = 7.3.1;
						TestTargetID = 1E4552061D7E9B1700DB9744;
					};
				};
			};
			buildConfigurationList = 1E4552021D7E9B1700DB9744 /* Build configuration list for PBXProject "GofMediator" */;
			compatibilityVersion = "Xcode 3.2";
			developmentRegion = English;
			hasScannedForEncodings = 0;
			knownRegions = (
				en,
				Base,
			);
			mainGroup = 1E4551FE1D7E9B1700DB9744;
			productRefGroup = 1E4552081D7E9B1700DB9744 /* Products */;
			projectDirPath = "";
			projectRoot = "";
			targets = (
				1E4552061D7E9B1700DB9744 /* GofMediator */,
				1E45521F1D7E9B1700DB9744 /* GofMediatorTests */,
			);
		};
/* End PBXProject section */

/* Begin PBXResourcesBuildPhase section */
		1E4552051D7E9B1700DB9744 /* Resources */ = {
			isa = PBXResourcesBuildPhase;
			buildActionMask = 2147483647;
			files = (
				1E4552381D7E9D0B00DB9744 /* Assets.xcassets in Resources */,
				1E4552481D7E9FC400DB9744 /* Default-568h@2x.png in Resources */,
			);
			runOnlyForDeploymentPostprocessing = 0;
		};
		1E45521E1D7E9B1700DB9744 /* Resources */ = {
			isa = PBXResourcesBuildPhase;
			buildActionMask = 2147483647;
			files = (
			);
			runOnlyForDeploymentPostprocessing = 0;
		};
/* End PBXResourcesBuildPhase section */

/* Begin PBXSourcesBuildPhase section */
		1E4552031D7E9B1700DB9744 /* Sources */ = {
			isa = PBXSourcesBuildPhase;
			buildActionMask = 2147483647;
			files = (
				1E2581271D801A32007EB33C /* GofMediator+GofAModule.m in Sources */,
				1E4552681D7EB6A000DB9744 /* GofDefaultViewController.m in Sources */,
				1E25812A1D801A32007EB33C /* GofMediator.m in Sources */,
				1EF32B501D89647100426FA2 /* GofTargetCModule.m in Sources */,
				1E2581281D801A32007EB33C /* GofMediator+GofBModule.m in Sources */,
				1EF32B4E1D89647100426FA2 /* GofTargetBModule.m in Sources */,
				1E4552371D7E9D0B00DB9744 /* AppDelegate.m in Sources */,
				1E45523E1D7E9E0E00DB9744 /* GofAViewController.m in Sources */,
				1E45520C1D7E9B1700DB9744 /* main.m in Sources */,
				1E4552631D7EADE100DB9744 /* GofViewCreateFactory.m in Sources */,
				1EF32B4D1D89647100426FA2 /* GofBViewController.m in Sources */,
				1E45524E1D7EA12900DB9744 /* GofTargetAModule.m in Sources */,
				1EF32B4F1D89647100426FA2 /* GofCViewController.m in Sources */,
				1E2581291D801A32007EB33C /* GofMediator+GofCModule.m in Sources */,
			);
			runOnlyForDeploymentPostprocessing = 0;
		};
		1E45521C1D7E9B1700DB9744 /* Sources */ = {
			isa = PBXSourcesBuildPhase;
			buildActionMask = 2147483647;
			files = (
				1E4552251D7E9B1700DB9744 /* GofMediatorTests.m in Sources */,
			);
			runOnlyForDeploymentPostprocessing = 0;
		};
/* End PBXSourcesBuildPhase section */

/* Begin PBXTargetDependency section */
		1E4552221D7E9B1700DB9744 /* PBXTargetDependency */ = {
			isa = PBXTargetDependency;
			target = 1E4552061D7E9B1700DB9744 /* GofMediator */;
			targetProxy = 1E4552211D7E9B1700DB9744 /* PBXContainerItemProxy */;
		};
/* End PBXTargetDependency section */

/* Begin XCBuildConfiguration section */
		1E4552271D7E9B1700DB9744 /* Debug */ = {
			isa = XCBuildConfiguration;
			buildSettings = {
				ALWAYS_SEARCH_USER_PATHS = NO;
				CLANG_ANALYZER_NONNULL = YES;
				CLANG_CXX_LANGUAGE_STANDARD = "gnu++0x";
				CLANG_CXX_LIBRARY = "libc++";
				CLANG_ENABLE_MODULES = YES;
				CLANG_ENABLE_OBJC_ARC = YES;
				CLANG_WARN_BOOL_CONVERSION = YES;
				CLANG_WARN_CONSTANT_CONVERSION = YES;
				CLANG_WARN_DIRECT_OBJC_ISA_USAGE = YES_ERROR;
				CLANG_WARN_EMPTY_BODY = YES;
				CLANG_WARN_ENUM_CONVERSION = YES;
				CLANG_WARN_INFINITE_RECURSION = YES;
				CLANG_WARN_INT_CONVERSION = YES;
				CLANG_WARN_OBJC_ROOT_CLASS = YES_ERROR;
				CLANG_WARN_SUSPICIOUS_MOVE = YES;
				CLANG_WARN_UNREACHABLE_CODE = YES;
				CLANG_WARN__DUPLICATE_METHOD_MATCH = YES;
				"CODE_SIGN_IDENTITY[sdk=iphoneos*]" = "iPhone Developer";
				COPY_PHASE_STRIP = NO;
				DEBUG_INFORMATION_FORMAT = dwarf;
				ENABLE_STRICT_OBJC_MSGSEND = YES;
				ENABLE_TESTABILITY = YES;
				GCC_C_LANGUAGE_STANDARD = gnu99;
				GCC_DYNAMIC_NO_PIC = NO;
				GCC_NO_COMMON_BLOCKS = YES;
				GCC_OPTIMIZATION_LEVEL = 0;
				GCC_PREPROCESSOR_DEFINITIONS = (
					"DEBUG=1",
					"$(inherited)",
				);
				GCC_WARN_64_TO_32_BIT_CONVERSION = YES;
				GCC_WARN_ABOUT_RETURN_TYPE = YES_ERROR;
				GCC_WARN_UNDECLARED_SELECTOR = YES;
				GCC_WARN_UNINITIALIZED_AUTOS = YES_AGGRESSIVE;
				GCC_WARN_UNUSED_FUNCTION = YES;
				GCC_WARN_UNUSED_VARIABLE = YES;
				IPHONEOS_DEPLOYMENT_TARGET = 9.3;
				MTL_ENABLE_DEBUG_INFO = YES;
				ONLY_ACTIVE_ARCH = YES;
				SDKROOT = iphoneos;
			};
			name = Debug;
		};
		1E4552281D7E9B1700DB9744 /* Release */ = {
			isa = XCBuildConfiguration;
			buildSettings = {
				ALWAYS_SEARCH_USER_PATHS = NO;
				CLANG_ANALYZER_NONNULL = YES;
				CLANG_CXX_LANGUAGE_STANDARD = "gnu++0x";
				CLANG_CXX_LIBRARY = "libc++";
				CLANG_ENABLE_MODULES = YES;
				CLANG_ENABLE_OBJC_ARC = YES;
				CLANG_WARN_BOOL_CONVERSION = YES;
				CLANG_WARN_CONSTANT_CONVERSION = YES;
				CLANG_WARN_DIRECT_OBJC_ISA_USAGE = YES_ERROR;
				CLANG_WARN_EMPTY_BODY = YES;
				CLANG_WARN_ENUM_CONVERSION = YES;
				CLANG_WARN_INFINITE_RECURSION = YES;
				CLANG_WARN_INT_CONVERSION = YES;
				CLANG_WARN_OBJC_ROOT_CLASS = YES_ERROR;
				CLANG_WARN_SUSPICIOUS_MOVE = YES;
				CLANG_WARN_UNREACHABLE_CODE = YES;
				CLANG_WARN__DUPLICATE_METHOD_MATCH = YES;
				"CODE_SIGN_IDENTITY[sdk=iphoneos*]" = "iPhone Developer";
				COPY_PHASE_STRIP = NO;
				DEBUG_INFORMATION_FORMAT = "dwarf-with-dsym";
				ENABLE_NS_ASSERTIONS = NO;
				ENABLE_STRICT_OBJC_MSGSEND = YES;
				GCC_C_LANGUAGE_STANDARD = gnu99;
				GCC_NO_COMMON_BLOCKS = YES;
				GCC_WARN_64_TO_32_BIT_CONVERSION = YES;
				GCC_WARN_ABOUT_RETURN_TYPE = YES_ERROR;
				GCC_WARN_UNDECLARED_SELECTOR = YES;
				GCC_WARN_UNINITIALIZED_AUTOS = YES_AGGRESSIVE;
				GCC_WARN_UNUSED_FUNCTION = YES;
				GCC_WARN_UNUSED_VARIABLE = YES;
				IPHONEOS_DEPLOYMENT_TARGET = 9.3;
				MTL_ENABLE_DEBUG_INFO = NO;
				SDKROOT = iphoneos;
				VALIDATE_PRODUCT = YES;
			};
			name = Release;
		};
		1E45522A1D7E9B1700DB9744 /* Debug */ = {
			isa = XCBuildConfiguration;
			buildSettings = {
				ASSETCATALOG_COMPILER_APPICON_NAME = AppIcon;
				INFOPLIST_FILE = GofMediator/Info.plist;
				IPHONEOS_DEPLOYMENT_TARGET = 8.0;
				LD_RUNPATH_SEARCH_PATHS = "$(inherited) @executable_path/Frameworks";
				PRODUCT_BUNDLE_IDENTIFIER = com.gof.GofMediator;
				PRODUCT_NAME = "$(TARGET_NAME)";
			};
			name = Debug;
		};
		1E45522B1D7E9B1700DB9744 /* Release */ = {
			isa = XCBuildConfiguration;
			buildSettings = {
				ASSETCATALOG_COMPILER_APPICON_NAME = AppIcon;
				INFOPLIST_FILE = GofMediator/Info.plist;
				IPHONEOS_DEPLOYMENT_TARGET = 8.0;
				LD_RUNPATH_SEARCH_PATHS = "$(inherited) @executable_path/Frameworks";
				PRODUCT_BUNDLE_IDENTIFIER = com.gof.GofMediator;
				PRODUCT_NAME = "$(TARGET_NAME)";
			};
			name = Release;
		};
		1E45522D1D7E9B1700DB9744 /* Debug */ = {
			isa = XCBuildConfiguration;
			buildSettings = {
				BUNDLE_LOADER = "$(TEST_HOST)";
				INFOPLIST_FILE = GofMediatorTests/Info.plist;
				LD_RUNPATH_SEARCH_PATHS = "$(inherited) @executable_path/Frameworks @loader_path/Frameworks";
				PRODUCT_BUNDLE_IDENTIFIER = com.gof.GofMediatorTests;
				PRODUCT_NAME = "$(TARGET_NAME)";
				TEST_HOST = "$(BUILT_PRODUCTS_DIR)/GofMediator.app/GofMediator";
			};
			name = Debug;
		};
		1E45522E1D7E9B1700DB9744 /* Release */ = {
			isa = XCBuildConfiguration;
			buildSettings = {
				BUNDLE_LOADER = "$(TEST_HOST)";
				INFOPLIST_FILE = GofMediatorTests/Info.plist;
				LD_RUNPATH_SEARCH_PATHS = "$(inherited) @executable_path/Frameworks @loader_path/Frameworks";
				PRODUCT_BUNDLE_IDENTIFIER = com.gof.GofMediatorTests;
				PRODUCT_NAME = "$(TARGET_NAME)";
				TEST_HOST = "$(BUILT_PRODUCTS_DIR)/GofMediator.app/GofMediator";
			};
			name = Release;
		};
/* End XCBuildConfiguration section */

/* Begin XCConfigurationList section */
		1E4552021D7E9B1700DB9744 /* Build configuration list for PBXProject "GofMediator" */ = {
			isa = XCConfigurationList;
			buildConfigurations = (
				1E4552271D7E9B1700DB9744 /* Debug */,
				1E4552281D7E9B1700DB9744 /* Release */,
			);
			defaultConfigurationIsVisible = 0;
			defaultConfigurationName = Release;
		};
		1E4552291D7E9B1700DB9744 /* Build configuration list for PBXNativeTarget "GofMediator" */ = {
			isa = XCConfigurationList;
			buildConfigurations = (
				1E45522A1D7E9B1700DB9744 /* Debug */,
				1E45522B1D7E9B1700DB9744 /* Release */,
			);
			defaultConfigurationIsVisible = 0;
			defaultConfigurationName = Release;
		};
		1E45522C1D7E9B1700DB9744 /* Build configuration list for PBXNativeTarget "GofMediatorTests" */ = {
			isa = XCConfigurationList;
			buildConfigurations = (
				1E45522D1D7E9B1700DB9744 /* Debug */,
				1E45522E1D7E9B1700DB9744 /* Release */,
			);
			defaultConfigurationIsVisible = 0;
			defaultConfigurationName = Release;
		};
/* End XCConfigurationList section */
	};
	rootObject = 1E4551FF1D7E9B1700DB9744 /* Project object */;
}
